
Microsoft Visual Studio Solution File, Format Version 12.00
# Visual Studio Version 16
VisualStudioVersion = 16.0.30114.105
MinimumVisualStudioVersion = 10.0.40219.1
Project("{FAE04EC0-301F-11D3-BF4B-00C04F79EFBC}") = "LBMG", "LBMG\LBMG.csproj", "{A05AF5D0-CFB7-40B2-85C9-23256D6C7D6B}"
EndProject
Global
	GlobalSection(SolutionConfigurationPlatforms) = preSolution
		Debug|Any CPU = Debug|Any CPU
		Release|Any CPU = Release|Any CPU
	EndGlobalSection
	GlobalSection(ProjectConfigurationPlatforms) = postSolution
		{A05AF5D0-CFB7-40B2-85C9-23256D6C7D6B}.Debug|Any CPU.ActiveCfg = Debug|Any CPU
		{A05AF5D0-CFB7-40B2-85C9-23256D6C7D6B}.Debug|Any CPU.Build.0 = Debug|Any CPU
		{A05AF5D0-CFB7-40B2-85C9-23256D6C7D6B}.Release|Any CPU.ActiveCfg = Release|Any CPU
		{A05AF5D0-CFB7-40B2-85C9-23256D6C7D6B}.Release|Any CPU.Build.0 = Release|Any CPU
	EndGlobalSection
	GlobalSection(SolutionProperties) = preSolution
		HideSolutionNode = FALSE
	EndGlobalSection
	GlobalSection(ExtensibilityGlobals) = postSolution
		SolutionGuid = {951AE7E7-7243-4CA1-B724-A544CD23AEEC}
	EndGlobalSection
EndGlobal
